schema: '2.0'
stages:
  collecting:
    cmd: jupyter nbconvert --to python --execute nbs/00_Collecting_Data.ipynb --output
      ../scripts/00_Collecting_Data
    deps:
    - path: data/raw-data
      md5: 23bab0752687dcb94db5dae45ec8885a.dir
      size: 362375821
      nfiles: 12
    - path: nbs/00_Collecting_Data.ipynb
      md5: ea483ab3ca1fc2e8aebf3722eae1c688
      size: 7626
    - path: pdm.lock
      md5: b280bfbd13afd71c0d4c32ebac168066
      size: 480152
    - path: pyproject.toml
      md5: 44bdfe741ea7287e7d00d9df408d16a1
      size: 747
    outs:
    - path: data/working-data/Concatenated_Orig_data.csv
      md5: 06d462084a283c2ca352c6cb453791e2
      size: 330116431
    - path: scripts/00_Collecting_Data.py
      md5: aeea755608807f45a64bdd442f090ef1
      size: 1987
  cleaning:
    cmd: jupyter nbconvert --to python --execute nbs/01_Cleaning_Data.ipynb --output
      ../scripts/01_Cleaning_Data
    deps:
    - path: data/raw-data/AIDCODE.csv
      md5: 21ed81f14bfe947d686f9b8dfa42d74f
      size: 4921
    - path: data/working-data/Concatenated_Orig_data.csv
      md5: 06d462084a283c2ca352c6cb453791e2
      size: 330116431
    - path: nbs/01_Cleaning_Data.ipynb
      md5: 0e73312ebd692667b313ff69e8fdc1a7
      size: 13279
    - path: pdm.lock
      md5: b280bfbd13afd71c0d4c32ebac168066
      size: 480152
    - path: pyproject.toml
      md5: 44bdfe741ea7287e7d00d9df408d16a1
      size: 747
    outs:
    - path: data/cleaned-data/Concatenated_Clean_data.csv
      md5: 0aa79c9fc5a4f07cdf69faa47dc63bd4
      size: 133064786
    - path: scripts/01_Cleaning_Data.py
      md5: 78da42c7eaddaf76f922ed5c42ef836c
      size: 1636
  nn-preprocess:
    cmd: jupyter nbconvert --to python --execute nbs/02a_NN_Preprocessing.ipynb --output
      ../scripts/02a_NN_Preprocessing
    deps:
    - path: data/cleaned-data/Concatenated_Clean_data.csv
      md5: 0aa79c9fc5a4f07cdf69faa47dc63bd4
      size: 133064786
    - path: nbs/02a_NN_Preprocessing.ipynb
      md5: 640a7e2784070974d88e691967107e82
      size: 19377
    - path: pdm.lock
      md5: b280bfbd13afd71c0d4c32ebac168066
      size: 480152
    - path: pyproject.toml
      md5: 44bdfe741ea7287e7d00d9df408d16a1
      size: 747
    outs:
    - path: data/processed-data/nn/actual/FAA-1.csv
      md5: 5f9659c134eedb7a2eaba56c7500ecb6
      size: 1326
    - path: data/processed-data/nn/test/FAA-1.csv
      md5: 9107b3153c0c014691d59d65f5eaecb1
      size: 65202
    - path: data/processed-data/nn/train/FAA-1.csv
      md5: e3905c32bdbdd684823df7997e5c9309
      size: 208377
    - path: data/processed-data/nn/val/FAA-1.csv
      md5: 3700375fcc8ba80a519296dd0da640d6
      size: 52189
    - path: scripts/02a_NN_Preprocessing.py
      md5: ad7ced35d40d3ed2dc92fe6c416d6948
      size: 3620
